
Microsoft Visual Studio Solution File, Format Version 12.00
# Visual Studio 15
VisualStudioVersion = 15.0.28010.2046
MinimumVisualStudioVersion = 10.0.40219.1
Project("{FAE04EC0-301F-11D3-BF4B-00C04F79EFBC}") = "DomApp.Android", "DomApp\DomApp.Android\DomApp.Android.csproj", "{E4A869A1-38A3-4972-82A5-E3F43CE54C69}"
EndProject
Project("{FAE04EC0-301F-11D3-BF4B-00C04F79EFBC}") = "DomApp.iOS", "DomApp\DomApp.iOS\DomApp.iOS.csproj", "{FE22972A-8945-423F-9BA5-D9EEEE7919FF}"
EndProject
Project("{FAE04EC0-301F-11D3-BF4B-00C04F79EFBC}") = "DomApp", "DomApp\DomApp\DomApp.csproj", "{52C70BEA-CE04-47D4-89D8-6895110CF9A6}"
EndProject
Global
	GlobalSection(SolutionConfigurationPlatforms) = preSolution
		Ad-Hoc|Any CPU = Ad-Hoc|Any CPU
		Ad-Hoc|iPhone = Ad-Hoc|iPhone
		Ad-Hoc|iPhoneSimulator = Ad-Hoc|iPhoneSimulator
		AppStore|Any CPU = AppStore|Any CPU
		AppStore|iPhone = AppStore|iPhone
		AppStore|iPhoneSimulator = AppStore|iPhoneSimulator
		Debug|Any CPU = Debug|Any CPU
		Debug|iPhone = Debug|iPhone
		Debug|iPhoneSimulator = Debug|iPhoneSimulator
		Release|Any CPU = Release|Any CPU
		Release|iPhone = Release|iPhone
		Release|iPhoneSimulator = Release|iPhoneSimulator
	EndGlobalSection
	GlobalSection(ProjectConfigurationPlatforms) = postSolution
		{E4A869A1-38A3-4972-82A5-E3F43CE54C69}.Ad-Hoc|Any CPU.ActiveCfg = Release|Any CPU
		{E4A869A1-38A3-4972-82A5-E3F43CE54C69}.Ad-Hoc|Any CPU.Build.0 = Release|Any CPU
		{E4A869A1-38A3-4972-82A5-E3F43CE54C69}.Ad-Hoc|Any CPU.Deploy.0 = Release|Any CPU
		{E4A869A1-38A3-4972-82A5-E3F43CE54C69}.Ad-Hoc|iPhone.ActiveCfg = Release|Any CPU
		{E4A869A1-38A3-4972-82A5-E3F43CE54C69}.Ad-Hoc|iPhone.Build.0 = Release|Any CPU
		{E4A869A1-38A3-4972-82A5-E3F43CE54C69}.Ad-Hoc|iPhone.Deploy.0 = Release|Any CPU
		{E4A869A1-38A3-4972-82A5-E3F43CE54C69}.Ad-Hoc|iPhoneSimulator.ActiveCfg = Release|Any CPU
		{E4A869A1-38A3-4972-82A5-E3F43CE54C69}.Ad-Hoc|iPhoneSimulator.Build.0 = Release|Any CPU
		{E4A869A1-38A3-4972-82A5-E3F43CE54C69}.Ad-Hoc|iPhoneSimulator.Deploy.0 = Release|Any CPU
		{E4A869A1-38A3-4972-82A5-E3F43CE54C69}.AppStore|Any CPU.ActiveCfg = Release|Any CPU
		{E4A869A1-38A3-4972-82A5-E3F43CE54C69}.AppStore|Any CPU.Build.0 = Release|Any CPU
		{E4A869A1-38A3-4972-82A5-E3F43CE54C69}.AppStore|Any CPU.Deploy.0 = Release|Any CPU
		{E4A869A1-38A3-4972-82A5-E3F43CE54C69}.AppStore|iPhone.ActiveCfg = Release|Any CPU
		{E4A869A1-38A3-4972-82A5-E3F43CE54C69}.AppStore|iPhone.Build.0 = Release|Any CPU
		{E4A869A1-38A3-4972-82A5-E3F43CE54C69}.AppStore|iPhone.Deploy.0 = Release|Any CPU
		{E4A869A1-38A3-4972-82A5-E3F43CE54C69}.AppStore|iPhoneSimulator.ActiveCfg = Release|Any CPU
		{E4A869A1-38A3-4972-82A5-E3F43CE54C69}.AppStore|iPhoneSimulator.Build.0 = Release|Any CPU
		{E4A869A1-38A3-4972-82A5-E3F43CE54C69}.AppStore|iPhoneSimulator.Deploy.0 = Release|Any CPU
		{E4A869A1-38A3-4972-82A5-E3F43CE54C69}.Debug|Any CPU.ActiveCfg = Debug|Any CPU
		{E4A869A1-38A3-4972-82A5-E3F43CE54C69}.Debug|Any CPU.Build.0 = Debug|Any CPU
		{E4A869A1-38A3-4972-82A5-E3F43CE54C69}.Debug|Any CPU.Deploy.0 = Debug|Any CPU
		{E4A869A1-38A3-4972-82A5-E3F43CE54C69}.Debug|iPhone.ActiveCfg = Debug|Any CPU
		{E4A869A1-38A3-4972-82A5-E3F43CE54C69}.Debug|iPhone.Build.0 = Debug|Any CPU
		{E4A869A1-38A3-4972-82A5-E3F43CE54C69}.Debug|iPhone.Deploy.0 = Debug|Any CPU
		{E4A869A1-38A3-4972-82A5-E3F43CE54C69}.Debug|iPhoneSimulator.ActiveCfg = Debug|Any CPU
		{E4A869A1-38A3-4972-82A5-E3F43CE54C69}.Debug|iPhoneSimulator.Build.0 = Debug|Any CPU
		{E4A869A1-38A3-4972-82A5-E3F43CE54C69}.Debug|iPhoneSimulator.Deploy.0 = Debug|Any CPU
		{E4A869A1-38A3-4972-82A5-E3F43CE54C69}.Release|Any CPU.ActiveCfg = Release|Any CPU
		{E4A869A1-38A3-4972-82A5-E3F43CE54C69}.Release|Any CPU.Build.0 = Release|Any CPU
		{E4A869A1-38A3-4972-82A5-E3F43CE54C69}.Release|Any CPU.Deploy.0 = Release|Any CPU
		{E4A869A1-38A3-4972-82A5-E3F43CE54C69}.Release|iPhone.ActiveCfg = Release|Any CPU
		{E4A869A1-38A3-4972-82A5-E3F43CE54C69}.Release|iPhone.Build.0 = Release|Any CPU
		{E4A869A1-38A3-4972-82A5-E3F43CE54C69}.Release|iPhone.Deploy.0 = Release|Any CPU
		{E4A869A1-38A3-4972-82A5-E3F43CE54C69}.Release|iPhoneSimulator.ActiveCfg = Release|Any CPU
		{E4A869A1-38A3-4972-82A5-E3F43CE54C69}.Release|iPhoneSimulator.Build.0 = Release|Any CPU
		{E4A869A1-38A3-4972-82A5-E3F43CE54C69}.Release|iPhoneSimulator.Deploy.0 = Release|Any CPU
		{FE22972A-8945-423F-9BA5-D9EEEE7919FF}.Ad-Hoc|Any CPU.ActiveCfg = Ad-Hoc|iPhone
		{FE22972A-8945-423F-9BA5-D9EEEE7919FF}.Ad-Hoc|Any CPU.Build.0 = Ad-Hoc|iPhone
		{FE22972A-8945-423F-9BA5-D9EEEE7919FF}.Ad-Hoc|Any CPU.Deploy.0 = Ad-Hoc|iPhone
		{FE22972A-8945-423F-9BA5-D9EEEE7919FF}.Ad-Hoc|iPhone.ActiveCfg = Ad-Hoc|iPhone
		{FE22972A-8945-423F-9BA5-D9EEEE7919FF}.Ad-Hoc|iPhone.Build.0 = Ad-Hoc|iPhone
		{FE22972A-8945-423F-9BA5-D9EEEE7919FF}.Ad-Hoc|iPhone.Deploy.0 = Ad-Hoc|iPhone
		{FE22972A-8945-423F-9BA5-D9EEEE7919FF}.Ad-Hoc|iPhoneSimulator.ActiveCfg = Ad-Hoc|iPhoneSimulator
		{FE22972A-8945-423F-9BA5-D9EEEE7919FF}.Ad-Hoc|iPhoneSimulator.Build.0 = Ad-Hoc|iPhoneSimulator
		{FE22972A-8945-423F-9BA5-D9EEEE7919FF}.Ad-Hoc|iPhoneSimulator.Deploy.0 = Ad-Hoc|iPhoneSimulator
		{FE22972A-8945-423F-9BA5-D9EEEE7919FF}.AppStore|Any CPU.ActiveCfg = AppStore|iPhone
		{FE22972A-8945-423F-9BA5-D9EEEE7919FF}.AppStore|Any CPU.Build.0 = AppStore|iPhone
		{FE22972A-8945-423F-9BA5-D9EEEE7919FF}.AppStore|Any CPU.Deploy.0 = AppStore|iPhone
		{FE22972A-8945-423F-9BA5-D9EEEE7919FF}.AppStore|iPhone.ActiveCfg = AppStore|iPhone
		{FE22972A-8945-423F-9BA5-D9EEEE7919FF}.AppStore|iPhone.Build.0 = AppStore|iPhone
		{FE22972A-8945-423F-9BA5-D9EEEE7919FF}.AppStore|iPhone.Deploy.0 = AppStore|iPhone
		{FE22972A-8945-423F-9BA5-D9EEEE7919FF}.AppStore|iPhoneSimulator.ActiveCfg = AppStore|iPhoneSimulator
		{FE22972A-8945-423F-9BA5-D9EEEE7919FF}.AppStore|iPhoneSimulator.Build.0 = AppStore|iPhoneSimulator
		{FE22972A-8945-423F-9BA5-D9EEEE7919FF}.AppStore|iPhoneSimulator.Deploy.0 = AppStore|iPhoneSimulator
		{FE22972A-8945-423F-9BA5-D9EEEE7919FF}.Debug|Any CPU.ActiveCfg = Debug|iPhoneSimulator
		{FE22972A-8945-423F-9BA5-D9EEEE7919FF}.Debug|Any CPU.Build.0 = Debug|iPhoneSimulator
		{FE22972A-8945-423F-9BA5-D9EEEE7919FF}.Debug|Any CPU.Deploy.0 = Debug|iPhoneSimulator
		{FE22972A-8945-423F-9BA5-D9EEEE7919FF}.Debug|iPhone.ActiveCfg = Debug|iPhone
		{FE22972A-8945-423F-9BA5-D9EEEE7919FF}.Debug|iPhone.Build.0 = Debug|iPhone
		{FE22972A-8945-423F-9BA5-D9EEEE7919FF}.Debug|iPhone.Deploy.0 = Debug|iPhone
		{FE22972A-8945-423F-9BA5-D9EEEE7919FF}.Debug|iPhoneSimulator.ActiveCfg = Debug|iPhoneSimulator
		{FE22972A-8945-423F-9BA5-D9EEEE7919FF}.Debug|iPhoneSimulator.Build.0 = Debug|iPhoneSimulator
		{FE22972A-8945-423F-9BA5-D9EEEE7919FF}.Debug|iPhoneSimulator.Deploy.0 = Debug|iPhoneSimulator
		{FE22972A-8945-423F-9BA5-D9EEEE7919FF}.Release|Any CPU.ActiveCfg = Release|iPhone
		{FE22972A-8945-423F-9BA5-D9EEEE7919FF}.Release|Any CPU.Build.0 = Release|iPhone
		{FE22972A-8945-423F-9BA5-D9EEEE7919FF}.Release|Any CPU.Deploy.0 = Release|iPhone
		{FE22972A-8945-423F-9BA5-D9EEEE7919FF}.Release|iPhone.ActiveCfg = Release|iPhone
		{FE22972A-8945-423F-9BA5-D9EEEE7919FF}.Release|iPhone.Build.0 = Release|iPhone
		{FE22972A-8945-423F-9BA5-D9EEEE7919FF}.Release|iPhone.Deploy.0 = Release|iPhone
		{FE22972A-8945-423F-9BA5-D9EEEE7919FF}.Release|iPhoneSimulator.ActiveCfg = Release|iPhoneSimulator
		{FE22972A-8945-423F-9BA5-D9EEEE7919FF}.Release|iPhoneSimulator.Build.0 = Release|iPhoneSimulator
		{FE22972A-8945-423F-9BA5-D9EEEE7919FF}.Release|iPhoneSimulator.Deploy.0 = Release|iPhoneSimulator
		{52C70BEA-CE04-47D4-89D8-6895110CF9A6}.Ad-Hoc|Any CPU.ActiveCfg = Debug|Any CPU
		{52C70BEA-CE04-47D4-89D8-6895110CF9A6}.Ad-Hoc|Any CPU.Build.0 = Debug|Any CPU
		{52C70BEA-CE04-47D4-89D8-6895110CF9A6}.Ad-Hoc|Any CPU.Deploy.0 = Debug|Any CPU
		{52C70BEA-CE04-47D4-89D8-6895110CF9A6}.Ad-Hoc|iPhone.ActiveCfg = Debug|Any CPU
		{52C70BEA-CE04-47D4-89D8-6895110CF9A6}.Ad-Hoc|iPhone.Build.0 = Debug|Any CPU
		{52C70BEA-CE04-47D4-89D8-6895110CF9A6}.Ad-Hoc|iPhone.Deploy.0 = Debug|Any CPU
		{52C70BEA-CE04-47D4-89D8-6895110CF9A6}.Ad-Hoc|iPhoneSimulator.ActiveCfg = Debug|Any CPU
		{52C70BEA-CE04-47D4-89D8-6895110CF9A6}.Ad-Hoc|iPhoneSimulator.Build.0 = Debug|Any CPU
		{52C70BEA-CE04-47D4-89D8-6895110CF9A6}.Ad-Hoc|iPhoneSimulator.Deploy.0 = Debug|Any CPU
		{52C70BEA-CE04-47D4-89D8-6895110CF9A6}.AppStore|Any CPU.ActiveCfg = Debug|Any CPU
		{52C70BEA-CE04-47D4-89D8-6895110CF9A6}.AppStore|Any CPU.Build.0 = Debug|Any CPU
		{52C70BEA-CE04-47D4-89D8-6895110CF9A6}.AppStore|Any CPU.Deploy.0 = Debug|Any CPU
		{52C70BEA-CE04-47D4-89D8-6895110CF9A6}.AppStore|iPhone.ActiveCfg = Debug|Any CPU
		{52C70BEA-CE04-47D4-89D8-6895110CF9A6}.AppStore|iPhone.Build.0 = Debug|Any CPU
		{52C70BEA-CE04-47D4-89D8-6895110CF9A6}.AppStore|iPhone.Deploy.0 = Debug|Any CPU
		{52C70BEA-CE04-47D4-89D8-6895110CF9A6}.AppStore|iPhoneSimulator.ActiveCfg = Debug|Any CPU
		{52C70BEA-CE04-47D4-89D8-6895110CF9A6}.AppStore|iPhoneSimulator.Build.0 = Debug|Any CPU
		{52C70BEA-CE04-47D4-89D8-6895110CF9A6}.AppStore|iPhoneSimulator.Deploy.0 = Debug|Any CPU
		{52C70BEA-CE04-47D4-89D8-6895110CF9A6}.Debug|Any CPU.ActiveCfg = Debug|Any CPU
		{52C70BEA-CE04-47D4-89D8-6895110CF9A6}.Debug|Any CPU.Build.0 = Debug|Any CPU
		{52C70BEA-CE04-47D4-89D8-6895110CF9A6}.Debug|Any CPU.Deploy.0 = Debug|Any CPU
		{52C70BEA-CE04-47D4-89D8-6895110CF9A6}.Debug|iPhone.ActiveCfg = Debug|Any CPU
		{52C70BEA-CE04-47D4-89D8-6895110CF9A6}.Debug|iPhone.Build.0 = Debug|Any CPU
		{52C70BEA-CE04-47D4-89D8-6895110CF9A6}.Debug|iPhone.Deploy.0 = Debug|Any CPU
		{52C70BEA-CE04-47D4-89D8-6895110CF9A6}.Debug|iPhoneSimulator.ActiveCfg = Debug|Any CPU
		{52C70BEA-CE04-47D4-89D8-6895110CF9A6}.Debug|iPhoneSimulator.Build.0 = Debug|Any CPU
		{52C70BEA-CE04-47D4-89D8-6895110CF9A6}.Debug|iPhoneSimulator.Deploy.0 = Debug|Any CPU
		{52C70BEA-CE04-47D4-89D8-6895110CF9A6}.Release|Any CPU.ActiveCfg = Release|Any CPU
		{52C70BEA-CE04-47D4-89D8-6895110CF9A6}.Release|Any CPU.Build.0 = Release|Any CPU
		{52C70BEA-CE04-47D4-89D8-6895110CF9A6}.Release|Any CPU.Deploy.0 = Release|Any CPU
		{52C70BEA-CE04-47D4-89D8-6895110CF9A6}.Release|iPhone.ActiveCfg = Release|Any CPU
		{52C70BEA-CE04-47D4-89D8-6895110CF9A6}.Release|iPhone.Build.0 = Release|Any CPU
		{52C70BEA-CE04-47D4-89D8-6895110CF9A6}.Release|iPhone.Deploy.0 = Release|Any CPU
		{52C70BEA-CE04-47D4-89D8-6895110CF9A6}.Release|iPhoneSimulator.ActiveCfg = Release|Any CPU
		{52C70BEA-CE04-47D4-89D8-6895110CF9A6}.Release|iPhoneSimulator.Build.0 = Release|Any CPU
		{52C70BEA-CE04-47D4-89D8-6895110CF9A6}.Release|iPhoneSimulator.Deploy.0 = Release|Any CPU
	EndGlobalSection
	GlobalSection(SolutionProperties) = preSolution
		HideSolutionNode = FALSE
	EndGlobalSection
	GlobalSection(ExtensibilityGlobals) = postSolution
		SolutionGuid = {5B79FFC4-65C0-4CEE-98BD-D31C3EFC92A1}
	EndGlobalSection
EndGlobal
